<?xml version="1.0" encoding="utf-8"?>
<Project ToolsVersion="17.0" xmlns="http://schemas.microsoft.com/developer/msbuild/2003">
  <ItemGroup>
    <CustomBuild Include="C:\Users\Marco\Documents\GitHub\Graphics_Spring2023\Assignment_1_RayTracer\ray\CMakeFiles\17ba959fc661a32e491a9771ffb726e9\generate.stamp.rule">
      <Filter>CMake Rules</Filter>
    </CustomBuild>
  </ItemGroup>
  <ItemGroup>
    <Filter Include="CMake Rules">
      <UniqueIdentifier>{7A774461-CD83-3569-B3DA-570B14BC8DA9}</UniqueIdentifier>
    </Filter>
  </ItemGroup>
</Project>
